// !$*UTF8*$!
{
	archiveVersion = 1;
	classes = {
	};
	objectVersion = 46;
	objects = {

/* Begin PBXBuildFile section */
		7D6960921F1B8AEF00FB5689 /* Trie.swift in Sources */ = {isa = PBXBuildFile; fileRef = 7D6960911F1B8AEF00FB5689 /* Trie.swift */; };
		7D6960A51F1B966700FB5689 /* TrieTestCase.swift in Sources */ = {isa = PBXBuildFile; fileRef = 7D6960A41F1B966700FB5689 /* TrieTestCase.swift */; };
		7D6960A61F1B97E800FB5689 /* Trie.swift in Sources */ = {isa = PBXBuildFile; fileRef = 7D6960911F1B8AEF00FB5689 /* Trie.swift */; };
		7D6960A81F1B9C4300FB5689 /* main.swift in Sources */ = {isa = PBXBuildFile; fileRef = 7D6960A71F1B9C4300FB5689 /* main.swift */; };
		7D6960AB1F1BAA8500FB5689 /* StringSubscriptExtension.swift in Sources */ = {isa = PBXBuildFile; fileRef = 7D6960AA1F1BAA8500FB5689 /* StringSubscriptExtension.swift */; };
		7D6960AC1F1BAC0400FB5689 /* StringSubscriptExtension.swift in Sources */ = {isa = PBXBuildFile; fileRef = 7D6960AA1F1BAA8500FB5689 /* StringSubscriptExtension.swift */; };
		7D78F8881F2D793C003C05D0 /* BWT.swift in Sources */ = {isa = PBXBuildFile; fileRef = 7D78F8871F2D793C003C05D0 /* BWT.swift */; };
		7D78F8891F2D793C003C05D0 /* BWT.swift in Sources */ = {isa = PBXBuildFile; fileRef = 7D78F8871F2D793C003C05D0 /* BWT.swift */; };
		7D78F88C1F2D7A18003C05D0 /* PriorityQueue.swift in Sources */ = {isa = PBXBuildFile; fileRef = 7D78F88B1F2D7A18003C05D0 /* PriorityQueue.swift */; };
		7D78F88D1F2D7A18003C05D0 /* PriorityQueue.swift in Sources */ = {isa = PBXBuildFile; fileRef = 7D78F88B1F2D7A18003C05D0 /* PriorityQueue.swift */; };
		7D78F88F1F2D7D1A003C05D0 /* PriorityQueueTestCase.swift in Sources */ = {isa = PBXBuildFile; fileRef = 7D78F88E1F2D7D1A003C05D0 /* PriorityQueueTestCase.swift */; };
		7DE7C7921F23B0910062ADF5 /* SharedSubstringsMatching.swift in Sources */ = {isa = PBXBuildFile; fileRef = 7DE7C7911F23B0910062ADF5 /* SharedSubstringsMatching.swift */; };
		7DE7C7931F23B0910062ADF5 /* SharedSubstringsMatching.swift in Sources */ = {isa = PBXBuildFile; fileRef = 7DE7C7911F23B0910062ADF5 /* SharedSubstringsMatching.swift */; };
		7DE7C7951F23B4960062ADF5 /* SharedSubstringMatchingTestCase.swift in Sources */ = {isa = PBXBuildFile; fileRef = 7DE7C7941F23B4960062ADF5 /* SharedSubstringMatchingTestCase.swift */; };
		C973EA0D1F225E3D00493643 /* SuffixTreeTest.swift in Sources */ = {isa = PBXBuildFile; fileRef = C973EA0C1F225E3D00493643 /* SuffixTreeTest.swift */; };
		C986638F1F2305E5002F48BB /* SuffixTree.swift in Sources */ = {isa = PBXBuildFile; fileRef = C9B397131F211B1A00865D8F /* SuffixTree.swift */; };
		C9B397141F211B1A00865D8F /* SuffixTree.swift in Sources */ = {isa = PBXBuildFile; fileRef = C9B397131F211B1A00865D8F /* SuffixTree.swift */; };
/* End PBXBuildFile section */

/* Begin PBXCopyFilesBuildPhase section */
		7D6960851F1B8ACD00FB5689 /* CopyFiles */ = {
			isa = PBXCopyFilesBuildPhase;
			buildActionMask = 2147483647;
			dstPath = /usr/share/man/man1/;
			dstSubfolderSpec = 0;
			files = (
			);
			runOnlyForDeploymentPostprocessing = 1;
		};
/* End PBXCopyFilesBuildPhase section */

/* Begin PBXFileReference section */
		7D6960871F1B8ACD00FB5689 /* SwiftyAlgorithmsOnStringsPractice */ = {isa = PBXFileReference; explicitFileType = "compiled.mach-o.executable"; includeInIndex = 0; path = SwiftyAlgorithmsOnStringsPractice; sourceTree = BUILT_PRODUCTS_DIR; };
		7D6960911F1B8AEF00FB5689 /* Trie.swift */ = {isa = PBXFileReference; fileEncoding = 4; lastKnownFileType = sourcecode.swift; path = Trie.swift; sourceTree = "<group>"; };
		7D69609C1F1B963A00FB5689 /* SwiftyAlgorithmsOnStringsPracticeTests.xctest */ = {isa = PBXFileReference; explicitFileType = wrapper.cfbundle; includeInIndex = 0; path = SwiftyAlgorithmsOnStringsPracticeTests.xctest; sourceTree = BUILT_PRODUCTS_DIR; };
		7D6960A01F1B963A00FB5689 /* Info.plist */ = {isa = PBXFileReference; lastKnownFileType = text.plist.xml; path = Info.plist; sourceTree = "<group>"; };
		7D6960A41F1B966700FB5689 /* TrieTestCase.swift */ = {isa = PBXFileReference; fileEncoding = 4; lastKnownFileType = sourcecode.swift; path = TrieTestCase.swift; sourceTree = "<group>"; };
		7D6960A71F1B9C4300FB5689 /* main.swift */ = {isa = PBXFileReference; fileEncoding = 4; lastKnownFileType = sourcecode.swift; path = main.swift; sourceTree = "<group>"; };
		7D6960AA1F1BAA8500FB5689 /* StringSubscriptExtension.swift */ = {isa = PBXFileReference; fileEncoding = 4; lastKnownFileType = sourcecode.swift; path = StringSubscriptExtension.swift; sourceTree = "<group>"; };
		7D78F8871F2D793C003C05D0 /* BWT.swift */ = {isa = PBXFileReference; fileEncoding = 4; lastKnownFileType = sourcecode.swift; path = BWT.swift; sourceTree = "<group>"; };
		7D78F88B1F2D7A18003C05D0 /* PriorityQueue.swift */ = {isa = PBXFileReference; fileEncoding = 4; lastKnownFileType = sourcecode.swift; path = PriorityQueue.swift; sourceTree = "<group>"; };
		7D78F88E1F2D7D1A003C05D0 /* PriorityQueueTestCase.swift */ = {isa = PBXFileReference; fileEncoding = 4; lastKnownFileType = sourcecode.swift; path = PriorityQueueTestCase.swift; sourceTree = "<group>"; };
		7DE7C7911F23B0910062ADF5 /* SharedSubstringsMatching.swift */ = {isa = PBXFileReference; fileEncoding = 4; lastKnownFileType = sourcecode.swift; path = SharedSubstringsMatching.swift; sourceTree = "<group>"; };
		7DE7C7941F23B4960062ADF5 /* SharedSubstringMatchingTestCase.swift */ = {isa = PBXFileReference; fileEncoding = 4; lastKnownFileType = sourcecode.swift; path = SharedSubstringMatchingTestCase.swift; sourceTree = "<group>"; };
		C973EA0C1F225E3D00493643 /* SuffixTreeTest.swift */ = {isa = PBXFileReference; fileEncoding = 4; lastKnownFileType = sourcecode.swift; path = SuffixTreeTest.swift; sourceTree = "<group>"; };
		C9B397131F211B1A00865D8F /* SuffixTree.swift */ = {isa = PBXFileReference; fileEncoding = 4; lastKnownFileType = sourcecode.swift; path = SuffixTree.swift; sourceTree = "<group>"; };
/* End PBXFileReference section */

/* Begin PBXFrameworksBuildPhase section */
		7D6960841F1B8ACD00FB5689 /* Frameworks */ = {
			isa = PBXFrameworksBuildPhase;
			buildActionMask = 2147483647;
			files = (
			);
			runOnlyForDeploymentPostprocessing = 0;
		};
		7D6960991F1B963A00FB5689 /* Frameworks */ = {
			isa = PBXFrameworksBuildPhase;
			buildActionMask = 2147483647;
			files = (
			);
			runOnlyForDeploymentPostprocessing = 0;
		};
/* End PBXFrameworksBuildPhase section */

/* Begin PBXGroup section */
		7D69607E1F1B8ACD00FB5689 = {
			isa = PBXGroup;
			children = (
				7D6960891F1B8ACD00FB5689 /* SwiftyAlgorithmsOnStringsPractice */,
				7D69609D1F1B963A00FB5689 /* SwiftyAlgorithmsOnStringsPracticeTests */,
				7D6960881F1B8ACD00FB5689 /* Products */,
			);
			sourceTree = "<group>";
		};
		7D6960881F1B8ACD00FB5689 /* Products */ = {
			isa = PBXGroup;
			children = (
				7D6960871F1B8ACD00FB5689 /* SwiftyAlgorithmsOnStringsPractice */,
				7D69609C1F1B963A00FB5689 /* SwiftyAlgorithmsOnStringsPracticeTests.xctest */,
			);
			name = Products;
			sourceTree = "<group>";
		};
		7D6960891F1B8ACD00FB5689 /* SwiftyAlgorithmsOnStringsPractice */ = {
			isa = PBXGroup;
			children = (
				7DE7C7901F23B06D0062ADF5 /* Algorithms */,
				7DE7C78F1F23B0580062ADF5 /* Structures */,
				7D6960A91F1BAA6B00FB5689 /* Extensions */,
				7D6960A71F1B9C4300FB5689 /* main.swift */,
			);
			path = SwiftyAlgorithmsOnStringsPractice;
			sourceTree = "<group>";
		};
		7D69609D1F1B963A00FB5689 /* SwiftyAlgorithmsOnStringsPracticeTests */ = {
			isa = PBXGroup;
			children = (
				7D6960A01F1B963A00FB5689 /* Info.plist */,
				7D6960A41F1B966700FB5689 /* TrieTestCase.swift */,
				C973EA0C1F225E3D00493643 /* SuffixTreeTest.swift */,
				7DE7C7941F23B4960062ADF5 /* SharedSubstringMatchingTestCase.swift */,
				7D78F88E1F2D7D1A003C05D0 /* PriorityQueueTestCase.swift */,
			);
			path = SwiftyAlgorithmsOnStringsPracticeTests;
			sourceTree = "<group>";
		};
		7D6960A91F1BAA6B00FB5689 /* Extensions */ = {
			isa = PBXGroup;
			children = (
				7D6960AA1F1BAA8500FB5689 /* StringSubscriptExtension.swift */,
			);
			name = Extensions;
			sourceTree = "<group>";
		};
		7D78F88A1F2D79E2003C05D0 /* Supporting */ = {
			isa = PBXGroup;
			children = (
				7D78F88B1F2D7A18003C05D0 /* PriorityQueue.swift */,
			);
			name = Supporting;
			sourceTree = "<group>";
		};
		7DE7C78F1F23B0580062ADF5 /* Structures */ = {
			isa = PBXGroup;
			children = (
				7D78F88A1F2D79E2003C05D0 /* Supporting */,
				7D6960911F1B8AEF00FB5689 /* Trie.swift */,
				C9B397131F211B1A00865D8F /* SuffixTree.swift */,
				7D78F8871F2D793C003C05D0 /* BWT.swift */,
			);
			name = Structures;
			sourceTree = "<group>";
		};
		7DE7C7901F23B06D0062ADF5 /* Algorithms */ = {
			isa = PBXGroup;
			children = (
				7DE7C7911F23B0910062ADF5 /* SharedSubstringsMatching.swift */,
			);
			name = Algorithms;
			sourceTree = "<group>";
		};
/* End PBXGroup section */

/* Begin PBXNativeTarget section */
		7D6960861F1B8ACD00FB5689 /* SwiftyAlgorithmsOnStringsPractice */ = {
			isa = PBXNativeTarget;
			buildConfigurationList = 7D69608E1F1B8ACD00FB5689 /* Build configuration list for PBXNativeTarget "SwiftyAlgorithmsOnStringsPractice" */;
			buildPhases = (
				7D6960831F1B8ACD00FB5689 /* Sources */,
				7D6960841F1B8ACD00FB5689 /* Frameworks */,
				7D6960851F1B8ACD00FB5689 /* CopyFiles */,
			);
			buildRules = (
			);
			dependencies = (
			);
			name = SwiftyAlgorithmsOnStringsPractice;
			productName = SwiftyAlgorithmsOnStringsPractice;
			productReference = 7D6960871F1B8ACD00FB5689 /* SwiftyAlgorithmsOnStringsPractice */;
			productType = "com.apple.product-type.tool";
		};
		7D69609B1F1B963A00FB5689 /* SwiftyAlgorithmsOnStringsPracticeTests */ = {
			isa = PBXNativeTarget;
			buildConfigurationList = 7D6960A11F1B963A00FB5689 /* Build configuration list for PBXNativeTarget "SwiftyAlgorithmsOnStringsPracticeTests" */;
			buildPhases = (
				7D6960981F1B963A00FB5689 /* Sources */,
				7D6960991F1B963A00FB5689 /* Frameworks */,
				7D69609A1F1B963A00FB5689 /* Resources */,
			);
			buildRules = (
			);
			dependencies = (
			);
			name = SwiftyAlgorithmsOnStringsPracticeTests;
			productName = SwiftyAlgorithmsOnStringsPracticeTests;
			productReference = 7D69609C1F1B963A00FB5689 /* SwiftyAlgorithmsOnStringsPracticeTests.xctest */;
			productType = "com.apple.product-type.bundle.unit-test";
		};
/* End PBXNativeTarget section */

/* Begin PBXProject section */
		7D69607F1F1B8ACD00FB5689 /* Project object */ = {
			isa = PBXProject;
			attributes = {
				LastSwiftUpdateCheck = 0830;
				LastUpgradeCheck = 0830;
				ORGANIZATIONNAME = "Ольга Выростко";
				TargetAttributes = {
					7D6960861F1B8ACD00FB5689 = {
						CreatedOnToolsVersion = 8.3.2;
						LastSwiftMigration = 0830;
						ProvisioningStyle = Automatic;
					};
					7D69609B1F1B963A00FB5689 = {
						CreatedOnToolsVersion = 8.3.2;
						LastSwiftMigration = 0830;
						ProvisioningStyle = Automatic;
					};
				};
			};
			buildConfigurationList = 7D6960821F1B8ACD00FB5689 /* Build configuration list for PBXProject "SwiftyAlgorithmsOnStringsPractice" */;
			compatibilityVersion = "Xcode 3.2";
			developmentRegion = English;
			hasScannedForEncodings = 0;
			knownRegions = (
				en,
			);
			mainGroup = 7D69607E1F1B8ACD00FB5689;
			productRefGroup = 7D6960881F1B8ACD00FB5689 /* Products */;
			projectDirPath = "";
			projectRoot = "";
			targets = (
				7D6960861F1B8ACD00FB5689 /* SwiftyAlgorithmsOnStringsPractice */,
				7D69609B1F1B963A00FB5689 /* SwiftyAlgorithmsOnStringsPracticeTests */,
			);
		};
/* End PBXProject section */

/* Begin PBXResourcesBuildPhase section */
		7D69609A1F1B963A00FB5689 /* Resources */ = {
			isa = PBXResourcesBuildPhase;
			buildActionMask = 2147483647;
			files = (
			);
			runOnlyForDeploymentPostprocessing = 0;
		};
/* End PBXResourcesBuildPhase section */

/* Begin PBXSourcesBuildPhase section */
		7D6960831F1B8ACD00FB5689 /* Sources */ = {
			isa = PBXSourcesBuildPhase;
			buildActionMask = 2147483647;
			files = (
				7DE7C7921F23B0910062ADF5 /* SharedSubstringsMatching.swift in Sources */,
				7D78F8881F2D793C003C05D0 /* BWT.swift in Sources */,
				C9B397141F211B1A00865D8F /* SuffixTree.swift in Sources */,
				7D6960AB1F1BAA8500FB5689 /* StringSubscriptExtension.swift in Sources */,
				7D6960A81F1B9C4300FB5689 /* main.swift in Sources */,
				7D78F88C1F2D7A18003C05D0 /* PriorityQueue.swift in Sources */,
				7D6960921F1B8AEF00FB5689 /* Trie.swift in Sources */,
			);
			runOnlyForDeploymentPostprocessing = 0;
		};
		7D6960981F1B963A00FB5689 /* Sources */ = {
			isa = PBXSourcesBuildPhase;
			buildActionMask = 2147483647;
			files = (
				C986638F1F2305E5002F48BB /* SuffixTree.swift in Sources */,
				7D78F8891F2D793C003C05D0 /* BWT.swift in Sources */,
				C973EA0D1F225E3D00493643 /* SuffixTreeTest.swift in Sources */,
				7D78F88F1F2D7D1A003C05D0 /* PriorityQueueTestCase.swift in Sources */,
				7D6960AC1F1BAC0400FB5689 /* StringSubscriptExtension.swift in Sources */,
				7D6960A51F1B966700FB5689 /* TrieTestCase.swift in Sources */,
				7D78F88D1F2D7A18003C05D0 /* PriorityQueue.swift in Sources */,
				7DE7C7951F23B4960062ADF5 /* SharedSubstringMatchingTestCase.swift in Sources */,
				7D6960A61F1B97E800FB5689 /* Trie.swift in Sources */,
				7DE7C7931F23B0910062ADF5 /* SharedSubstringsMatching.swift in Sources */,
			);
			runOnlyForDeploymentPostprocessing = 0;
		};
/* End PBXSourcesBuildPhase section */

/* Begin XCBuildConfiguration section */
		7D69608C1F1B8ACD00FB5689 /* Debug */ = {
			isa = XCBuildConfiguration;
			buildSettings = {
				ALWAYS_SEARCH_USER_PATHS = NO;
				CLANG_ANALYZER_NONNULL = YES;
				CLANG_ANALYZER_NUMBER_OBJECT_CONVERSION = YES_AGGRESSIVE;
				CLANG_CXX_LANGUAGE_STANDARD = "gnu++0x";
				CLANG_CXX_LIBRARY = "libc++";
				CLANG_ENABLE_MODULES = YES;
				CLANG_ENABLE_OBJC_ARC = YES;
				CLANG_WARN_BOOL_CONVERSION = YES;
				CLANG_WARN_CONSTANT_CONVERSION = YES;
				CLANG_WARN_DIRECT_OBJC_ISA_USAGE = YES_ERROR;
				CLANG_WARN_DOCUMENTATION_COMMENTS = YES;
				CLANG_WARN_EMPTY_BODY = YES;
				CLANG_WARN_ENUM_CONVERSION = YES;
				CLANG_WARN_INFINITE_RECURSION = YES;
				CLANG_WARN_INT_CONVERSION = YES;
				CLANG_WARN_OBJC_ROOT_CLASS = YES_ERROR;
				CLANG_WARN_SUSPICIOUS_MOVE = YES;
				CLANG_WARN_UNREACHABLE_CODE = YES;
				CLANG_WARN__DUPLICATE_METHOD_MATCH = YES;
				CODE_SIGN_IDENTITY = "-";
				COPY_PHASE_STRIP = NO;
				DEBUG_INFORMATION_FORMAT = dwarf;
				ENABLE_STRICT_OBJC_MSGSEND = YES;
				ENABLE_TESTABILITY = YES;
				GCC_C_LANGUAGE_STANDARD = gnu99;
				GCC_DYNAMIC_NO_PIC = NO;
				GCC_NO_COMMON_BLOCKS = YES;
				GCC_OPTIMIZATION_LEVEL = 0;
				GCC_PREPROCESSOR_DEFINITIONS = (
					"DEBUG=1",
					"$(inherited)",
				);
				GCC_WARN_64_TO_32_BIT_CONVERSION = YES;
				GCC_WARN_ABOUT_RETURN_TYPE = YES_ERROR;
				GCC_WARN_UNDECLARED_SELECTOR = YES;
				GCC_WARN_UNINITIALIZED_AUTOS = YES_AGGRESSIVE;
				GCC_WARN_UNUSED_FUNCTION = YES;
				GCC_WARN_UNUSED_VARIABLE = YES;
				MACOSX_DEPLOYMENT_TARGET = 10.12;
				MTL_ENABLE_DEBUG_INFO = YES;
				ONLY_ACTIVE_ARCH = YES;
				SDKROOT = macosx;
				SWIFT_OPTIMIZATION_LEVEL = "-Onone";
			};
			name = Debug;
		};
		7D69608D1F1B8ACD00FB5689 /* Release */ = {
			isa = XCBuildConfiguration;
			buildSettings = {
				ALWAYS_SEARCH_USER_PATHS = NO;
				CLANG_ANALYZER_NONNULL = YES;
				CLANG_ANALYZER_NUMBER_OBJECT_CONVERSION = YES_AGGRESSIVE;
				CLANG_CXX_LANGUAGE_STANDARD = "gnu++0x";
				CLANG_CXX_LIBRARY = "libc++";
				CLANG_ENABLE_MODULES = YES;
				CLANG_ENABLE_OBJC_ARC = YES;
				CLANG_WARN_BOOL_CONVERSION = YES;
				CLANG_WARN_CONSTANT_CONVERSION = YES;
				CLANG_WARN_DIRECT_OBJC_ISA_USAGE = YES_ERROR;
				CLANG_WARN_DOCUMENTATION_COMMENTS = YES;
				CLANG_WARN_EMPTY_BODY = YES;
				CLANG_WARN_ENUM_CONVERSION = YES;
				CLANG_WARN_INFINITE_RECURSION = YES;
				CLANG_WARN_INT_CONVERSION = YES;
				CLANG_WARN_OBJC_ROOT_CLASS = YES_ERROR;
				CLANG_WARN_SUSPICIOUS_MOVE = YES;
				CLANG_WARN_UNREACHABLE_CODE = YES;
				CLANG_WARN__DUPLICATE_METHOD_MATCH = YES;
				CODE_SIGN_IDENTITY = "-";
				COPY_PHASE_STRIP = NO;
				DEBUG_INFORMATION_FORMAT = "dwarf-with-dsym";
				ENABLE_NS_ASSERTIONS = NO;
				ENABLE_STRICT_OBJC_MSGSEND = YES;
				GCC_C_LANGUAGE_STANDARD = gnu99;
				GCC_NO_COMMON_BLOCKS = YES;
				GCC_WARN_64_TO_32_BIT_CONVERSION = YES;
				GCC_WARN_ABOUT_RETURN_TYPE = YES_ERROR;
				GCC_WARN_UNDECLARED_SELECTOR = YES;
				GCC_WARN_UNINITIALIZED_AUTOS = YES_AGGRESSIVE;
				GCC_WARN_UNUSED_FUNCTION = YES;
				GCC_WARN_UNUSED_VARIABLE = YES;
				MACOSX_DEPLOYMENT_TARGET = 10.12;
				MTL_ENABLE_DEBUG_INFO = NO;
				SDKROOT = macosx;
			};
			name = Release;
		};
		7D69608F1F1B8ACD00FB5689 /* Debug */ = {
			isa = XCBuildConfiguration;
			buildSettings = {
				CLANG_ENABLE_MODULES = YES;
				LD_RUNPATH_SEARCH_PATHS = "$(inherited) @executable_path/../Frameworks @loader_path/../Frameworks";
				PRODUCT_NAME = "$(TARGET_NAME)";
				SWIFT_OPTIMIZATION_LEVEL = "-Onone";
				SWIFT_VERSION = 3.0;
			};
			name = Debug;
		};
		7D6960901F1B8ACD00FB5689 /* Release */ = {
			isa = XCBuildConfiguration;
			buildSettings = {
				CLANG_ENABLE_MODULES = YES;
				LD_RUNPATH_SEARCH_PATHS = "$(inherited) @executable_path/../Frameworks @loader_path/../Frameworks";
				PRODUCT_NAME = "$(TARGET_NAME)";
				SWIFT_VERSION = 3.0;
			};
			name = Release;
		};
		7D6960A21F1B963A00FB5689 /* Debug */ = {
			isa = XCBuildConfiguration;
			buildSettings = {
				CLANG_ENABLE_MODULES = YES;
				COMBINE_HIDPI_IMAGES = YES;
				INFOPLIST_FILE = SwiftyAlgorithmsOnStringsPracticeTests/Info.plist;
				LD_RUNPATH_SEARCH_PATHS = "$(inherited) @executable_path/../Frameworks @loader_path/../Frameworks";
				PRODUCT_BUNDLE_IDENTIFIER = "-.SwiftyAlgorithmsOnStringsPracticeTests";
				PRODUCT_NAME = "$(TARGET_NAME)";
				SWIFT_ACTIVE_COMPILATION_CONDITIONS = DEBUG;
				SWIFT_OPTIMIZATION_LEVEL = "-Onone";
				SWIFT_VERSION = 3.0;
			};
			name = Debug;
		};
		7D6960A31F1B963A00FB5689 /* Release */ = {
			isa = XCBuildConfiguration;
			buildSettings = {
				CLANG_ENABLE_MODULES = YES;
				COMBINE_HIDPI_IMAGES = YES;
				INFOPLIST_FILE = SwiftyAlgorithmsOnStringsPracticeTests/Info.plist;
				LD_RUNPATH_SEARCH_PATHS = "$(inherited) @executable_path/../Frameworks @loader_path/../Frameworks";
				PRODUCT_BUNDLE_IDENTIFIER = "-.SwiftyAlgorithmsOnStringsPracticeTests";
				PRODUCT_NAME = "$(TARGET_NAME)";
				SWIFT_OPTIMIZATION_LEVEL = "-Owholemodule";
				SWIFT_VERSION = 3.0;
			};
			name = Release;
		};
/* End XCBuildConfiguration section */

/* Begin XCConfigurationList section */
		7D6960821F1B8ACD00FB5689 /* Build configuration list for PBXProject "SwiftyAlgorithmsOnStringsPractice" */ = {
			isa = XCConfigurationList;
			buildConfigurations = (
				7D69608C1F1B8ACD00FB5689 /* Debug */,
				7D69608D1F1B8ACD00FB5689 /* Release */,
			);
			defaultConfigurationIsVisible = 0;
			defaultConfigurationName = Release;
		};
		7D69608E1F1B8ACD00FB5689 /* Build configuration list for PBXNativeTarget "SwiftyAlgorithmsOnStringsPractice" */ = {
			isa = XCConfigurationList;
			buildConfigurations = (
				7D69608F1F1B8ACD00FB5689 /* Debug */,
				7D6960901F1B8ACD00FB5689 /* Release */,
			);
			defaultConfigurationIsVisible = 0;
			defaultConfigurationName = Release;
		};
		7D6960A11F1B963A00FB5689 /* Build configuration list for PBXNativeTarget "SwiftyAlgorithmsOnStringsPracticeTests" */ = {
			isa = XCConfigurationList;
			buildConfigurations = (
				7D6960A21F1B963A00FB5689 /* Debug */,
				7D6960A31F1B963A00FB5689 /* Release */,
			);
			defaultConfigurationIsVisible = 0;
			defaultConfigurationName = Release;
		};
/* End XCConfigurationList section */
	};
	rootObject = 7D69607F1F1B8ACD00FB5689 /* Project object */;
}
